
Microsoft Visual Studio Solution File, Format Version 12.00
# Visual Studio Version 17
VisualStudioVersion = 17.14.36811.4
MinimumVisualStudioVersion = 10.0.40219.1
Project("{FAE04EC0-301F-11D3-BF4B-00C04F79EFBC}") = "CarParking", "CarParking\CarParking.csproj", "{B42B2352-A199-4F70-86EC-F5F08DD50586}"
EndProject
Project("{FAE04EC0-301F-11D3-BF4B-00C04F79EFBC}") = "CarParking.Tests", "CarParking.Tests\CarParking.Tests.csproj", "{BE6CFA77-0BD8-4E47-917F-E6B0636BB7B5}"
EndProject
Global
	GlobalSection(SolutionConfigurationPlatforms) = preSolution
		Debug|Any CPU = Debug|Any CPU
		Debug|x64 = Debug|x64
		Debug|x86 = Debug|x86
		Release|Any CPU = Release|Any CPU
		Release|x64 = Release|x64
		Release|x86 = Release|x86
	EndGlobalSection
	GlobalSection(ProjectConfigurationPlatforms) = postSolution
		{B42B2352-A199-4F70-86EC-F5F08DD50586}.Debug|Any CPU.ActiveCfg = Debug|Any CPU
		{B42B2352-A199-4F70-86EC-F5F08DD50586}.Debug|Any CPU.Build.0 = Debug|Any CPU
		{B42B2352-A199-4F70-86EC-F5F08DD50586}.Debug|x64.ActiveCfg = Debug|Any CPU
		{B42B2352-A199-4F70-86EC-F5F08DD50586}.Debug|x64.Build.0 = Debug|Any CPU
		{B42B2352-A199-4F70-86EC-F5F08DD50586}.Debug|x86.ActiveCfg = Debug|Any CPU
		{B42B2352-A199-4F70-86EC-F5F08DD50586}.Debug|x86.Build.0 = Debug|Any CPU
		{B42B2352-A199-4F70-86EC-F5F08DD50586}.Release|Any CPU.ActiveCfg = Release|Any CPU
		{B42B2352-A199-4F70-86EC-F5F08DD50586}.Release|Any CPU.Build.0 = Release|Any CPU
		{B42B2352-A199-4F70-86EC-F5F08DD50586}.Release|x64.ActiveCfg = Release|Any CPU
		{B42B2352-A199-4F70-86EC-F5F08DD50586}.Release|x64.Build.0 = Release|Any CPU
		{B42B2352-A199-4F70-86EC-F5F08DD50586}.Release|x86.ActiveCfg = Release|Any CPU
		{B42B2352-A199-4F70-86EC-F5F08DD50586}.Release|x86.Build.0 = Release|Any CPU
		{BE6CFA77-0BD8-4E47-917F-E6B0636BB7B5}.Debug|Any CPU.ActiveCfg = Debug|Any CPU
		{BE6CFA77-0BD8-4E47-917F-E6B0636BB7B5}.Debug|Any CPU.Build.0 = Debug|Any CPU
		{BE6CFA77-0BD8-4E47-917F-E6B0636BB7B5}.Debug|x64.ActiveCfg = Debug|Any CPU
		{BE6CFA77-0BD8-4E47-917F-E6B0636BB7B5}.Debug|x64.Build.0 = Debug|Any CPU
		{BE6CFA77-0BD8-4E47-917F-E6B0636BB7B5}.Debug|x86.ActiveCfg = Debug|Any CPU
		{BE6CFA77-0BD8-4E47-917F-E6B0636BB7B5}.Debug|x86.Build.0 = Debug|Any CPU
		{BE6CFA77-0BD8-4E47-917F-E6B0636BB7B5}.Release|Any CPU.ActiveCfg = Release|Any CPU
		{BE6CFA77-0BD8-4E47-917F-E6B0636BB7B5}.Release|Any CPU.Build.0 = Release|Any CPU
		{BE6CFA77-0BD8-4E47-917F-E6B0636BB7B5}.Release|x64.ActiveCfg = Release|Any CPU
		{BE6CFA77-0BD8-4E47-917F-E6B0636BB7B5}.Release|x64.Build.0 = Release|Any CPU
		{BE6CFA77-0BD8-4E47-917F-E6B0636BB7B5}.Release|x86.ActiveCfg = Release|Any CPU
		{BE6CFA77-0BD8-4E47-917F-E6B0636BB7B5}.Release|x86.Build.0 = Release|Any CPU
	EndGlobalSection
	GlobalSection(SolutionProperties) = preSolution
		HideSolutionNode = FALSE
	EndGlobalSection
	GlobalSection(ExtensibilityGlobals) = postSolution
		SolutionGuid = {B4615A61-F250-4994-A681-B4C2A1798DCE}
	EndGlobalSection
EndGlobal
